
Microsoft Visual Studio Solution File, Format Version 12.00
# Visual Studio Version 17
VisualStudioVersion = 17.3.32901.215
MinimumVisualStudioVersion = 10.0.40219.1
Project("{FAE04EC0-301F-11D3-BF4B-00C04F79EFBC}") = "kodlama.io", "kodlama.io\kodlama.io.csproj", "{449108D9-6060-4C01-A720-DBFE497C828D}"
EndProject
Project("{FAE04EC0-301F-11D3-BF4B-00C04F79EFBC}") = "donguler", "donguler\donguler.csproj", "{F900B3F3-EDC4-4E0B-A368-21846B5190D1}"
EndProject
Project("{FAE04EC0-301F-11D3-BF4B-00C04F79EFBC}") = "classintro", "classintro\classintro.csproj", "{B1064E49-E9F0-4E79-B645-268801D2B75E}"
EndProject
Global
	GlobalSection(SolutionConfigurationPlatforms) = preSolution
		Debug|Any CPU = Debug|Any CPU
		Release|Any CPU = Release|Any CPU
	EndGlobalSection
	GlobalSection(ProjectConfigurationPlatforms) = postSolution
		{449108D9-6060-4C01-A720-DBFE497C828D}.Debug|Any CPU.ActiveCfg = Debug|Any CPU
		{449108D9-6060-4C01-A720-DBFE497C828D}.Debug|Any CPU.Build.0 = Debug|Any CPU
		{449108D9-6060-4C01-A720-DBFE497C828D}.Release|Any CPU.ActiveCfg = Release|Any CPU
		{449108D9-6060-4C01-A720-DBFE497C828D}.Release|Any CPU.Build.0 = Release|Any CPU
		{F900B3F3-EDC4-4E0B-A368-21846B5190D1}.Debug|Any CPU.ActiveCfg = Debug|Any CPU
		{F900B3F3-EDC4-4E0B-A368-21846B5190D1}.Debug|Any CPU.Build.0 = Debug|Any CPU
		{F900B3F3-EDC4-4E0B-A368-21846B5190D1}.Release|Any CPU.ActiveCfg = Release|Any CPU
		{F900B3F3-EDC4-4E0B-A368-21846B5190D1}.Release|Any CPU.Build.0 = Release|Any CPU
		{B1064E49-E9F0-4E79-B645-268801D2B75E}.Debug|Any CPU.ActiveCfg = Debug|Any CPU
		{B1064E49-E9F0-4E79-B645-268801D2B75E}.Debug|Any CPU.Build.0 = Debug|Any CPU
		{B1064E49-E9F0-4E79-B645-268801D2B75E}.Release|Any CPU.ActiveCfg = Release|Any CPU
		{B1064E49-E9F0-4E79-B645-268801D2B75E}.Release|Any CPU.Build.0 = Release|Any CPU
	EndGlobalSection
	GlobalSection(SolutionProperties) = preSolution
		HideSolutionNode = FALSE
	EndGlobalSection
	GlobalSection(ExtensibilityGlobals) = postSolution
		SolutionGuid = {1D73AAB2-DF17-41E1-BF45-190368CE271A}
	EndGlobalSection
EndGlobal
